{
  "object": {
    "pins": [
      {
        "package": "DDC.swift",
        "repositoryURL": "https://github.com/reitermarkus/DDC.swift",
        "state": {
          "branch": "master",
          "revision": "1763870c94c555ff93878caaec8235fd3a9a429d",
          "version": null
        }
      }
    ]
  },
  "version": 1
}
