// !$*UTF8*$!
{
	archiveVersion = 1;
	classes = {
	};
	objectVersion = 52;
	objects = {

/* Begin PBXBuildFile section */
		21D4F15224D871E200464FAD /* DDC in Frameworks */ = {isa = PBXBuildFile; productRef = 21C64FED24B8C41C007081FF /* DDC */; };
		21D4F15324D871E200464FAD /* TOMLDecoder in Frameworks */ = {isa = PBXBuildFile; productRef = 21D51EB524B9481700D32864 /* TOMLDecoder */; };
		21D4F15424D871E200464FAD /* Willow in Frameworks */ = {isa = PBXBuildFile; productRef = 21CF6AA624B95AC0005E811A /* Willow */; };
		30BFD00BA7E3E22FC3BBAD9A /* UsbWatcher.swift in Sources */ = {isa = PBXBuildFile; fileRef = 30BFD8B0BA55FDB4EC8435B1 /* UsbWatcher.swift */; };
		30BFDB07CC2BE3DF80030310 /* config.swift in Sources */ = {isa = PBXBuildFile; fileRef = 30BFD99D1EDAE22699E84733 /* config.swift */; };
		30BFDC56D3E51B43EDAF4028 /* main.swift in Sources */ = {isa = PBXBuildFile; fileRef = 30BFDFC5E9276E8E08C99520 /* main.swift */; };
		30BFDD277A52B6C0FEE95C58 /* logger.swift in Sources */ = {isa = PBXBuildFile; fileRef = 30BFD651B49769055C2656CA /* logger.swift */; };
/* End PBXBuildFile section */

/* Begin PBXCopyFilesBuildPhase section */
		30BFDE6CF9890D6C14054EC2 /* CopyFiles */ = {
			isa = PBXCopyFilesBuildPhase;
			buildActionMask = 2147483647;
			dstPath = /usr/share/man/man1/;
			dstSubfolderSpec = 0;
			files = (
			);
			runOnlyForDeploymentPostprocessing = 1;
		};
/* End PBXCopyFilesBuildPhase section */

/* Begin PBXFileReference section */
		30BFD651B49769055C2656CA /* logger.swift */ = {isa = PBXFileReference; fileEncoding = 4; lastKnownFileType = sourcecode.swift; path = logger.swift; sourceTree = "<group>"; };
		30BFD8B0BA55FDB4EC8435B1 /* UsbWatcher.swift */ = {isa = PBXFileReference; fileEncoding = 4; lastKnownFileType = sourcecode.swift; path = UsbWatcher.swift; sourceTree = "<group>"; };
		30BFD99D1EDAE22699E84733 /* config.swift */ = {isa = PBXFileReference; fileEncoding = 4; lastKnownFileType = sourcecode.swift; path = config.swift; sourceTree = "<group>"; };
		30BFDE240E057E0789E4E89D /* display_switch */ = {isa = PBXFileReference; explicitFileType = "compiled.mach-o.executable"; includeInIndex = 0; path = display_switch; sourceTree = BUILT_PRODUCTS_DIR; };
		30BFDFC5E9276E8E08C99520 /* main.swift */ = {isa = PBXFileReference; lastKnownFileType = sourcecode.swift; path = main.swift; sourceTree = "<group>"; };
/* End PBXFileReference section */

/* Begin PBXFrameworksBuildPhase section */
		30BFD0A0DB17CFB7C8F0DCE6 /* Frameworks */ = {
			isa = PBXFrameworksBuildPhase;
			buildActionMask = 2147483647;
			files = (
				21D4F15224D871E200464FAD /* DDC in Frameworks */,
				21D4F15424D871E200464FAD /* Willow in Frameworks */,
				21D4F15324D871E200464FAD /* TOMLDecoder in Frameworks */,
			);
			runOnlyForDeploymentPostprocessing = 0;
		};
/* End PBXFrameworksBuildPhase section */

/* Begin PBXGroup section */
		30BFD3A1ADED4BBB109EF2BA = {
			isa = PBXGroup;
			children = (
				30BFDC793E08DC70085CBE86 /* Products */,
				30BFDCC4D8E6EB991EADD982 /* src */,
			);
			sourceTree = "<group>";
		};
		30BFDC793E08DC70085CBE86 /* Products */ = {
			isa = PBXGroup;
			children = (
				30BFDE240E057E0789E4E89D /* display_switch */,
			);
			name = Products;
			sourceTree = "<group>";
		};
		30BFDCC4D8E6EB991EADD982 /* src */ = {
			isa = PBXGroup;
			children = (
				30BFDFC5E9276E8E08C99520 /* main.swift */,
				30BFD8B0BA55FDB4EC8435B1 /* UsbWatcher.swift */,
				30BFD99D1EDAE22699E84733 /* config.swift */,
				30BFD651B49769055C2656CA /* logger.swift */,
			);
			path = src;
			sourceTree = "<group>";
		};
/* End PBXGroup section */

/* Begin PBXNativeTarget section */
		30BFD8E7019767BBB5C0A2C9 /* display_switch */ = {
			isa = PBXNativeTarget;
			buildConfigurationList = 30BFD02E4D12FEED9E22F021 /* Build configuration list for PBXNativeTarget "display_switch" */;
			buildPhases = (
				30BFD341016E00DD1ADB1B9B /* Sources */,
				30BFD0A0DB17CFB7C8F0DCE6 /* Frameworks */,
				30BFDE6CF9890D6C14054EC2 /* CopyFiles */,
			);
			buildRules = (
			);
			dependencies = (
			);
			name = display_switch;
			packageProductDependencies = (
				21C64FED24B8C41C007081FF /* DDC */,
				21D51EB524B9481700D32864 /* TOMLDecoder */,
				21CF6AA624B95AC0005E811A /* Willow */,
			);
			productName = display_switch;
			productReference = 30BFDE240E057E0789E4E89D /* display_switch */;
			productType = "com.apple.product-type.tool";
		};
/* End PBXNativeTarget section */

/* Begin PBXProject section */
		30BFDE3DD3C15BAC356188DA /* Project object */ = {
			isa = PBXProject;
			attributes = {
				ORGANIZATIONNAME = "Haim Gelfenbeyn";
			};
			buildConfigurationList = 30BFDE469016527CEFA316E1 /* Build configuration list for PBXProject "display_switch" */;
			compatibilityVersion = "Xcode 3.2";
			developmentRegion = English;
			hasScannedForEncodings = 0;
			knownRegions = (
				English,
				en,
			);
			mainGroup = 30BFD3A1ADED4BBB109EF2BA;
			packageReferences = (
				21C64FEC24B8C41C007081FF /* XCRemoteSwiftPackageReference "DDC" */,
				21D51EB424B9481700D32864 /* XCRemoteSwiftPackageReference "TOMLDecoder" */,
				21CF6AA524B95AC0005E811A /* XCRemoteSwiftPackageReference "Willow" */,
			);
			productRefGroup = 30BFDC793E08DC70085CBE86 /* Products */;
			projectDirPath = "";
			projectRoot = "";
			targets = (
				30BFD8E7019767BBB5C0A2C9 /* display_switch */,
			);
		};
/* End PBXProject section */

/* Begin PBXSourcesBuildPhase section */
		30BFD341016E00DD1ADB1B9B /* Sources */ = {
			isa = PBXSourcesBuildPhase;
			buildActionMask = 2147483647;
			files = (
				30BFDC56D3E51B43EDAF4028 /* main.swift in Sources */,
				30BFD00BA7E3E22FC3BBAD9A /* UsbWatcher.swift in Sources */,
				30BFDB07CC2BE3DF80030310 /* config.swift in Sources */,
				30BFDD277A52B6C0FEE95C58 /* logger.swift in Sources */,
			);
			runOnlyForDeploymentPostprocessing = 0;
		};
/* End PBXSourcesBuildPhase section */

/* Begin XCBuildConfiguration section */
		30BFD3F7E69D86952F809AE7 /* Release */ = {
			isa = XCBuildConfiguration;
			buildSettings = {
				PRODUCT_NAME = "$(TARGET_NAME)";
				SWIFT_VERSION = 5.0;
			};
			name = Release;
		};
		30BFD7B22B354F5AD39C00A2 /* Release */ = {
			isa = XCBuildConfiguration;
			buildSettings = {
				ALWAYS_SEARCH_USER_PATHS = NO;
				CLANG_ANALYZER_NONNULL = YES;
				CLANG_ANALYZER_NUMBER_OBJECT_CONVERSION = YES_AGGRESSIVE;
				CLANG_CXX_LANGUAGE_STANDARD = "gnu++14";
				CLANG_CXX_LIBRARY = "libc++";
				CLANG_ENABLE_MODULES = YES;
				CLANG_ENABLE_OBJC_ARC = YES;
				CLANG_ENABLE_OBJC_WEAK = YES;
				CLANG_WARN_BLOCK_CAPTURE_AUTORELEASING = YES;
				CLANG_WARN_BOOL_CONVERSION = YES;
				CLANG_WARN_COMMA = YES;
				CLANG_WARN_CONSTANT_CONVERSION = YES;
				CLANG_WARN_DEPRECATED_OBJC_IMPLEMENTATIONS = YES;
				CLANG_WARN_DIRECT_OBJC_ISA_USAGE = YES_ERROR;
				CLANG_WARN_DOCUMENTATION_COMMENTS = YES;
				CLANG_WARN_EMPTY_BODY = YES;
				CLANG_WARN_ENUM_CONVERSION = YES;
				CLANG_WARN_INFINITE_RECURSION = YES;
				CLANG_WARN_INT_CONVERSION = YES;
				CLANG_WARN_NON_LITERAL_NULL_CONVERSION = YES;
				CLANG_WARN_OBJC_IMPLICIT_RETAIN_SELF = YES;
				CLANG_WARN_OBJC_LITERAL_CONVERSION = YES;
				CLANG_WARN_OBJC_ROOT_CLASS = YES_ERROR;
				CLANG_WARN_RANGE_LOOP_ANALYSIS = YES;
				CLANG_WARN_STRICT_PROTOTYPES = YES;
				CLANG_WARN_SUSPICIOUS_MOVE = YES;
				CLANG_WARN_UNGUARDED_AVAILABILITY = YES_AGGRESSIVE;
				CLANG_WARN_UNREACHABLE_CODE = YES;
				CLANG_WARN__DUPLICATE_METHOD_MATCH = YES;
				COPY_PHASE_STRIP = NO;
				DEBUG_INFORMATION_FORMAT = "dwarf-with-dsym";
				ENABLE_NS_ASSERTIONS = NO;
				ENABLE_STRICT_OBJC_MSGSEND = YES;
				GCC_C_LANGUAGE_STANDARD = gnu11;
				GCC_NO_COMMON_BLOCKS = YES;
				GCC_WARN_64_TO_32_BIT_CONVERSION = YES;
				GCC_WARN_ABOUT_RETURN_TYPE = YES_ERROR;
				GCC_WARN_UNDECLARED_SELECTOR = YES;
				GCC_WARN_UNINITIALIZED_AUTOS = YES_AGGRESSIVE;
				GCC_WARN_UNUSED_FUNCTION = YES;
				GCC_WARN_UNUSED_VARIABLE = YES;
				MACOSX_DEPLOYMENT_TARGET = 10.15;
				MTL_ENABLE_DEBUG_INFO = NO;
				MTL_FAST_MATH = YES;
				SDKROOT = macosx;
				SWIFT_COMPILATION_MODE = wholemodule;
				SWIFT_OPTIMIZATION_LEVEL = "-O";
			};
			name = Release;
		};
		30BFDADDBD3DF3270F49678B /* Debug */ = {
			isa = XCBuildConfiguration;
			buildSettings = {
				ALWAYS_SEARCH_USER_PATHS = NO;
				CLANG_ANALYZER_NONNULL = YES;
				CLANG_ANALYZER_NUMBER_OBJECT_CONVERSION = YES_AGGRESSIVE;
				CLANG_CXX_LANGUAGE_STANDARD = "gnu++14";
				CLANG_CXX_LIBRARY = "libc++";
				CLANG_ENABLE_MODULES = YES;
				CLANG_ENABLE_OBJC_ARC = YES;
				CLANG_ENABLE_OBJC_WEAK = YES;
				CLANG_WARN_BLOCK_CAPTURE_AUTORELEASING = YES;
				CLANG_WARN_BOOL_CONVERSION = YES;
				CLANG_WARN_COMMA = YES;
				CLANG_WARN_CONSTANT_CONVERSION = YES;
				CLANG_WARN_DEPRECATED_OBJC_IMPLEMENTATIONS = YES;
				CLANG_WARN_DIRECT_OBJC_ISA_USAGE = YES_ERROR;
				CLANG_WARN_DOCUMENTATION_COMMENTS = YES;
				CLANG_WARN_EMPTY_BODY = YES;
				CLANG_WARN_ENUM_CONVERSION = YES;
				CLANG_WARN_INFINITE_RECURSION = YES;
				CLANG_WARN_INT_CONVERSION = YES;
				CLANG_WARN_NON_LITERAL_NULL_CONVERSION = YES;
				CLANG_WARN_OBJC_IMPLICIT_RETAIN_SELF = YES;
				CLANG_WARN_OBJC_LITERAL_CONVERSION = YES;
				CLANG_WARN_OBJC_ROOT_CLASS = YES_ERROR;
				CLANG_WARN_RANGE_LOOP_ANALYSIS = YES;
				CLANG_WARN_STRICT_PROTOTYPES = YES;
				CLANG_WARN_SUSPICIOUS_MOVE = YES;
				CLANG_WARN_UNGUARDED_AVAILABILITY = YES_AGGRESSIVE;
				CLANG_WARN_UNREACHABLE_CODE = YES;
				CLANG_WARN__DUPLICATE_METHOD_MATCH = YES;
				COPY_PHASE_STRIP = NO;
				DEBUG_INFORMATION_FORMAT = dwarf;
				ENABLE_STRICT_OBJC_MSGSEND = YES;
				ENABLE_TESTABILITY = YES;
				GCC_C_LANGUAGE_STANDARD = gnu11;
				GCC_DYNAMIC_NO_PIC = NO;
				GCC_NO_COMMON_BLOCKS = YES;
				GCC_OPTIMIZATION_LEVEL = 0;
				GCC_PREPROCESSOR_DEFINITIONS = (
					"DEBUG=1",
					"$(inherited)",
				);
				GCC_WARN_64_TO_32_BIT_CONVERSION = YES;
				GCC_WARN_ABOUT_RETURN_TYPE = YES_ERROR;
				GCC_WARN_UNDECLARED_SELECTOR = YES;
				GCC_WARN_UNINITIALIZED_AUTOS = YES_AGGRESSIVE;
				GCC_WARN_UNUSED_FUNCTION = YES;
				GCC_WARN_UNUSED_VARIABLE = YES;
				MACOSX_DEPLOYMENT_TARGET = 10.15;
				MTL_ENABLE_DEBUG_INFO = INCLUDE_SOURCE;
				MTL_FAST_MATH = YES;
				ONLY_ACTIVE_ARCH = YES;
				SDKROOT = macosx;
				SWIFT_ACTIVE_COMPILATION_CONDITIONS = DEBUG;
				SWIFT_OPTIMIZATION_LEVEL = "-Onone";
			};
			name = Debug;
		};
		30BFDE1FB39F84BF8923CE29 /* Debug */ = {
			isa = XCBuildConfiguration;
			buildSettings = {
				PRODUCT_NAME = "$(TARGET_NAME)";
				SWIFT_VERSION = 5.0;
			};
			name = Debug;
		};
/* End XCBuildConfiguration section */

/* Begin XCConfigurationList section */
		30BFD02E4D12FEED9E22F021 /* Build configuration list for PBXNativeTarget "display_switch" */ = {
			isa = XCConfigurationList;
			buildConfigurations = (
				30BFDE1FB39F84BF8923CE29 /* Debug */,
				30BFD3F7E69D86952F809AE7 /* Release */,
			);
			defaultConfigurationIsVisible = 0;
			defaultConfigurationName = Release;
		};
		30BFDE469016527CEFA316E1 /* Build configuration list for PBXProject "display_switch" */ = {
			isa = XCConfigurationList;
			buildConfigurations = (
				30BFDADDBD3DF3270F49678B /* Debug */,
				30BFD7B22B354F5AD39C00A2 /* Release */,
			);
			defaultConfigurationIsVisible = 0;
			defaultConfigurationName = Release;
		};
/* End XCConfigurationList section */

/* Begin XCRemoteSwiftPackageReference section */
		21C64FEC24B8C41C007081FF /* XCRemoteSwiftPackageReference "DDC" */ = {
			isa = XCRemoteSwiftPackageReference;
			repositoryURL = "https://github.com/reitermarkus/DDC.swift";
			requirement = {
				branch = master;
				kind = branch;
			};
		};
		21CF6AA524B95AC0005E811A /* XCRemoteSwiftPackageReference "Willow" */ = {
			isa = XCRemoteSwiftPackageReference;
			repositoryURL = "https://github.com/Nike-Inc/Willow.git";
			requirement = {
				kind = upToNextMajorVersion;
				minimumVersion = 6.0.0;
			};
		};
		21D51EB424B9481700D32864 /* XCRemoteSwiftPackageReference "TOMLDecoder" */ = {
			isa = XCRemoteSwiftPackageReference;
			repositoryURL = "https://github.com/dduan/TOMLDecoder";
			requirement = {
				kind = upToNextMajorVersion;
				minimumVersion = 0.1.6;
			};
		};
/* End XCRemoteSwiftPackageReference section */

/* Begin XCSwiftPackageProductDependency section */
		21C64FED24B8C41C007081FF /* DDC */ = {
			isa = XCSwiftPackageProductDependency;
			package = 21C64FEC24B8C41C007081FF /* XCRemoteSwiftPackageReference "DDC" */;
			productName = DDC;
		};
		21CF6AA624B95AC0005E811A /* Willow */ = {
			isa = XCSwiftPackageProductDependency;
			package = 21CF6AA524B95AC0005E811A /* XCRemoteSwiftPackageReference "Willow" */;
			productName = Willow;
		};
		21D51EB524B9481700D32864 /* TOMLDecoder */ = {
			isa = XCSwiftPackageProductDependency;
			package = 21D51EB424B9481700D32864 /* XCRemoteSwiftPackageReference "TOMLDecoder" */;
			productName = TOMLDecoder;
		};
/* End XCSwiftPackageProductDependency section */
	};
	rootObject = 30BFDE3DD3C15BAC356188DA /* Project object */;
}
